// !$*UTF8*$!
{
	archiveVersion = 1;
	classes = {
	};
	objectVersion = 50;
	objects = {

/* Begin PBXBuildFile section */
		B33D597826CB9DC2007A94FA /* AppDelegate.swift in Sources */ = {isa = PBXBuildFile; fileRef = B33D597726CB9DC2007A94FA /* AppDelegate.swift */; };
		B33D597A26CB9DC2007A94FA /* SceneDelegate.swift in Sources */ = {isa = PBXBuildFile; fileRef = B33D597926CB9DC2007A94FA /* SceneDelegate.swift */; };
		B33D597C26CB9DC2007A94FA /* ViewController.swift in Sources */ = {isa = PBXBuildFile; fileRef = B33D597B26CB9DC2007A94FA /* ViewController.swift */; };
		B33D597F26CB9DC2007A94FA /* Main.storyboard in Resources */ = {isa = PBXBuildFile; fileRef = B33D597D26CB9DC2007A94FA /* Main.storyboard */; };
		B33D598126CB9DC5007A94FA /* Assets.xcassets in Resources */ = {isa = PBXBuildFile; fileRef = B33D598026CB9DC5007A94FA /* Assets.xcassets */; };
		B33D598426CB9DC5007A94FA /* LaunchScreen.storyboard in Resources */ = {isa = PBXBuildFile; fileRef = B33D598226CB9DC5007A94FA /* LaunchScreen.storyboard */; };
		B33D59A826CBAC87007A94FA /* main.swift in Sources */ = {isa = PBXBuildFile; fileRef = B33D59A726CBAC87007A94FA /* main.swift */; };
/* End PBXBuildFile section */

/* Begin PBXCopyFilesBuildPhase section */
		B33D59A326CBAC87007A94FA /* CopyFiles */ = {
			isa = PBXCopyFilesBuildPhase;
			buildActionMask = 2147483647;
			dstPath = /usr/share/man/man1/;
			dstSubfolderSpec = 0;
			files = (
			);
			runOnlyForDeploymentPostprocessing = 1;
		};
/* End PBXCopyFilesBuildPhase section */

/* Begin PBXFileReference section */
		B33D597426CB9DC2007A94FA /* SwiftPractice.app */ = {isa = PBXFileReference; explicitFileType = wrapper.application; includeInIndex = 0; path = SwiftPractice.app; sourceTree = BUILT_PRODUCTS_DIR; };
		B33D597726CB9DC2007A94FA /* AppDelegate.swift */ = {isa = PBXFileReference; lastKnownFileType = sourcecode.swift; path = AppDelegate.swift; sourceTree = "<group>"; };
		B33D597926CB9DC2007A94FA /* SceneDelegate.swift */ = {isa = PBXFileReference; lastKnownFileType = sourcecode.swift; path = SceneDelegate.swift; sourceTree = "<group>"; };
		B33D597B26CB9DC2007A94FA /* ViewController.swift */ = {isa = PBXFileReference; lastKnownFileType = sourcecode.swift; path = ViewController.swift; sourceTree = "<group>"; };
		B33D597E26CB9DC2007A94FA /* Base */ = {isa = PBXFileReference; lastKnownFileType = file.storyboard; name = Base; path = Base.lproj/Main.storyboard; sourceTree = "<group>"; };
		B33D598026CB9DC5007A94FA /* Assets.xcassets */ = {isa = PBXFileReference; lastKnownFileType = folder.assetcatalog; path = Assets.xcassets; sourceTree = "<group>"; };
		B33D598326CB9DC5007A94FA /* Base */ = {isa = PBXFileReference; lastKnownFileType = file.storyboard; name = Base; path = Base.lproj/LaunchScreen.storyboard; sourceTree = "<group>"; };
		B33D598526CB9DC5007A94FA /* Info.plist */ = {isa = PBXFileReference; lastKnownFileType = text.plist.xml; path = Info.plist; sourceTree = "<group>"; };
		B33D59A526CBAC87007A94FA /* 01_可选链 */ = {isa = PBXFileReference; explicitFileType = "compiled.mach-o.executable"; includeInIndex = 0; path = "01_可选链"; sourceTree = BUILT_PRODUCTS_DIR; };
		B33D59A726CBAC87007A94FA /* main.swift */ = {isa = PBXFileReference; lastKnownFileType = sourcecode.swift; path = main.swift; sourceTree = "<group>"; };
/* End PBXFileReference section */

/* Begin PBXFrameworksBuildPhase section */
		B33D597126CB9DC2007A94FA /* Frameworks */ = {
			isa = PBXFrameworksBuildPhase;
			buildActionMask = 2147483647;
			files = (
			);
			runOnlyForDeploymentPostprocessing = 0;
		};
		B33D59A226CBAC87007A94FA /* Frameworks */ = {
			isa = PBXFrameworksBuildPhase;
			buildActionMask = 2147483647;
			files = (
			);
			runOnlyForDeploymentPostprocessing = 0;
		};
/* End PBXFrameworksBuildPhase section */

/* Begin PBXGroup section */
		B33D596B26CB9DC2007A94FA = {
			isa = PBXGroup;
			children = (
				B33D597626CB9DC2007A94FA /* SwiftPractice */,
				B33D59A626CBAC87007A94FA /* 01_可选链 */,
				B33D597526CB9DC2007A94FA /* Products */,
			);
			sourceTree = "<group>";
		};
		B33D597526CB9DC2007A94FA /* Products */ = {
			isa = PBXGroup;
			children = (
				B33D597426CB9DC2007A94FA /* SwiftPractice.app */,
				B33D59A526CBAC87007A94FA /* 01_可选链 */,
			);
			name = Products;
			sourceTree = "<group>";
		};
		B33D597626CB9DC2007A94FA /* SwiftPractice */ = {
			isa = PBXGroup;
			children = (
				B33D597726CB9DC2007A94FA /* AppDelegate.swift */,
				B33D597926CB9DC2007A94FA /* SceneDelegate.swift */,
				B33D597B26CB9DC2007A94FA /* ViewController.swift */,
				B33D597D26CB9DC2007A94FA /* Main.storyboard */,
				B33D598026CB9DC5007A94FA /* Assets.xcassets */,
				B33D598226CB9DC5007A94FA /* LaunchScreen.storyboard */,
				B33D598526CB9DC5007A94FA /* Info.plist */,
			);
			path = SwiftPractice;
			sourceTree = "<group>";
		};
		B33D59A626CBAC87007A94FA /* 01_可选链 */ = {
			isa = PBXGroup;
			children = (
				B33D59A726CBAC87007A94FA /* main.swift */,
			);
			path = "01_可选链";
			sourceTree = "<group>";
		};
/* End PBXGroup section */

/* Begin PBXNativeTarget section */
		B33D597326CB9DC2007A94FA /* SwiftPractice */ = {
			isa = PBXNativeTarget;
			buildConfigurationList = B33D598826CB9DC5007A94FA /* Build configuration list for PBXNativeTarget "SwiftPractice" */;
			buildPhases = (
				B33D597026CB9DC2007A94FA /* Sources */,
				B33D597126CB9DC2007A94FA /* Frameworks */,
				B33D597226CB9DC2007A94FA /* Resources */,
			);
			buildRules = (
			);
			dependencies = (
			);
			name = SwiftPractice;
			productName = SwiftPractice;
			productReference = B33D597426CB9DC2007A94FA /* SwiftPractice.app */;
			productType = "com.apple.product-type.application";
		};
		B33D59A426CBAC87007A94FA /* 01_可选链 */ = {
			isa = PBXNativeTarget;
			buildConfigurationList = B33D59A926CBAC87007A94FA /* Build configuration list for PBXNativeTarget "01_可选链" */;
			buildPhases = (
				B33D59A126CBAC87007A94FA /* Sources */,
				B33D59A226CBAC87007A94FA /* Frameworks */,
				B33D59A326CBAC87007A94FA /* CopyFiles */,
			);
			buildRules = (
			);
			dependencies = (
			);
			name = "01_可选链";
			productName = "01_可选链";
			productReference = B33D59A526CBAC87007A94FA /* 01_可选链 */;
			productType = "com.apple.product-type.tool";
		};
/* End PBXNativeTarget section */

/* Begin PBXProject section */
		B33D596C26CB9DC2007A94FA /* Project object */ = {
			isa = PBXProject;
			attributes = {
				LastSwiftUpdateCheck = 1230;
				LastUpgradeCheck = 1230;
				TargetAttributes = {
					B33D597326CB9DC2007A94FA = {
						CreatedOnToolsVersion = 12.3;
					};
					B33D59A426CBAC87007A94FA = {
						CreatedOnToolsVersion = 12.3;
					};
				};
			};
			buildConfigurationList = B33D596F26CB9DC2007A94FA /* Build configuration list for PBXProject "SwiftPractice" */;
			compatibilityVersion = "Xcode 9.3";
			developmentRegion = en;
			hasScannedForEncodings = 0;
			knownRegions = (
				en,
				Base,
			);
			mainGroup = B33D596B26CB9DC2007A94FA;
			productRefGroup = B33D597526CB9DC2007A94FA /* Products */;
			projectDirPath = "";
			projectRoot = "";
			targets = (
				B33D597326CB9DC2007A94FA /* SwiftPractice */,
				B33D59A426CBAC87007A94FA /* 01_可选链 */,
			);
		};
/* End PBXProject section */

/* Begin PBXResourcesBuildPhase section */
		B33D597226CB9DC2007A94FA /* Resources */ = {
			isa = PBXResourcesBuildPhase;
			buildActionMask = 2147483647;
			files = (
				B33D598426CB9DC5007A94FA /* LaunchScreen.storyboard in Resources */,
				B33D598126CB9DC5007A94FA /* Assets.xcassets in Resources */,
				B33D597F26CB9DC2007A94FA /* Main.storyboard in Resources */,
			);
			runOnlyForDeploymentPostprocessing = 0;
		};
/* End PBXResourcesBuildPhase section */

/* Begin PBXSourcesBuildPhase section */
		B33D597026CB9DC2007A94FA /* Sources */ = {
			isa = PBXSourcesBuildPhase;
			buildActionMask = 2147483647;
			files = (
				B33D597C26CB9DC2007A94FA /* ViewController.swift in Sources */,
				B33D597826CB9DC2007A94FA /* AppDelegate.swift in Sources */,
				B33D597A26CB9DC2007A94FA /* SceneDelegate.swift in Sources */,
			);
			runOnlyForDeploymentPostprocessing = 0;
		};
		B33D59A126CBAC87007A94FA /* Sources */ = {
			isa = PBXSourcesBuildPhase;
			buildActionMask = 2147483647;
			files = (
				B33D59A826CBAC87007A94FA /* main.swift in Sources */,
			);
			runOnlyForDeploymentPostprocessing = 0;
		};
/* End PBXSourcesBuildPhase section */

/* Begin PBXVariantGroup section */
		B33D597D26CB9DC2007A94FA /* Main.storyboard */ = {
			isa = PBXVariantGroup;
			children = (
				B33D597E26CB9DC2007A94FA /* Base */,
			);
			name = Main.storyboard;
			sourceTree = "<group>";
		};
		B33D598226CB9DC5007A94FA /* LaunchScreen.storyboard */ = {
			isa = PBXVariantGroup;
			children = (
				B33D598326CB9DC5007A94FA /* Base */,
			);
			name = LaunchScreen.storyboard;
			sourceTree = "<group>";
		};
/* End PBXVariantGroup section */

/* Begin XCBuildConfiguration section */
		B33D598626CB9DC5007A94FA /* Debug */ = {
			isa = XCBuildConfiguration;
			buildSettings = {
				ALWAYS_SEARCH_USER_PATHS = NO;
				CLANG_ANALYZER_NONNULL = YES;
				CLANG_ANALYZER_NUMBER_OBJECT_CONVERSION = YES_AGGRESSIVE;
				CLANG_CXX_LANGUAGE_STANDARD = "gnu++14";
				CLANG_CXX_LIBRARY = "libc++";
				CLANG_ENABLE_MODULES = YES;
				CLANG_ENABLE_OBJC_ARC = YES;
				CLANG_ENABLE_OBJC_WEAK = YES;
				CLANG_WARN_BLOCK_CAPTURE_AUTORELEASING = YES;
				CLANG_WARN_BOOL_CONVERSION = YES;
				CLANG_WARN_COMMA = YES;
				CLANG_WARN_CONSTANT_CONVERSION = YES;
				CLANG_WARN_DEPRECATED_OBJC_IMPLEMENTATIONS = YES;
				CLANG_WARN_DIRECT_OBJC_ISA_USAGE = YES_ERROR;
				CLANG_WARN_DOCUMENTATION_COMMENTS = YES;
				CLANG_WARN_EMPTY_BODY = YES;
				CLANG_WARN_ENUM_CONVERSION = YES;
				CLANG_WARN_INFINITE_RECURSION = YES;
				CLANG_WARN_INT_CONVERSION = YES;
				CLANG_WARN_NON_LITERAL_NULL_CONVERSION = YES;
				CLANG_WARN_OBJC_IMPLICIT_RETAIN_SELF = YES;
				CLANG_WARN_OBJC_LITERAL_CONVERSION = YES;
				CLANG_WARN_OBJC_ROOT_CLASS = YES_ERROR;
				CLANG_WARN_QUOTED_INCLUDE_IN_FRAMEWORK_HEADER = YES;
				CLANG_WARN_RANGE_LOOP_ANALYSIS = YES;
				CLANG_WARN_STRICT_PROTOTYPES = YES;
				CLANG_WARN_SUSPICIOUS_MOVE = YES;
				CLANG_WARN_UNGUARDED_AVAILABILITY = YES_AGGRESSIVE;
				CLANG_WARN_UNREACHABLE_CODE = YES;
				CLANG_WARN__DUPLICATE_METHOD_MATCH = YES;
				COPY_PHASE_STRIP = NO;
				DEBUG_INFORMATION_FORMAT = dwarf;
				ENABLE_STRICT_OBJC_MSGSEND = YES;
				ENABLE_TESTABILITY = YES;
				GCC_C_LANGUAGE_STANDARD = gnu11;
				GCC_DYNAMIC_NO_PIC = NO;
				GCC_NO_COMMON_BLOCKS = YES;
				GCC_OPTIMIZATION_LEVEL = 0;
				GCC_PREPROCESSOR_DEFINITIONS = (
					"DEBUG=1",
					"$(inherited)",
				);
				GCC_WARN_64_TO_32_BIT_CONVERSION = YES;
				GCC_WARN_ABOUT_RETURN_TYPE = YES_ERROR;
				GCC_WARN_UNDECLARED_SELECTOR = YES;
				GCC_WARN_UNINITIALIZED_AUTOS = YES_AGGRESSIVE;
				GCC_WARN_UNUSED_FUNCTION = YES;
				GCC_WARN_UNUSED_VARIABLE = YES;
				IPHONEOS_DEPLOYMENT_TARGET = 14.0;
				MTL_ENABLE_DEBUG_INFO = INCLUDE_SOURCE;
				MTL_FAST_MATH = YES;
				ONLY_ACTIVE_ARCH = YES;
				SDKROOT = iphoneos;
				SWIFT_ACTIVE_COMPILATION_CONDITIONS = DEBUG;
				SWIFT_OPTIMIZATION_LEVEL = "-Onone";
			};
			name = Debug;
		};
		B33D598726CB9DC5007A94FA /* Release */ = {
			isa = XCBuildConfiguration;
			buildSettings = {
				ALWAYS_SEARCH_USER_PATHS = NO;
				CLANG_ANALYZER_NONNULL = YES;
				CLANG_ANALYZER_NUMBER_OBJECT_CONVERSION = YES_AGGRESSIVE;
				CLANG_CXX_LANGUAGE_STANDARD = "gnu++14";
				CLANG_CXX_LIBRARY = "libc++";
				CLANG_ENABLE_MODULES = YES;
				CLANG_ENABLE_OBJC_ARC = YES;
				CLANG_ENABLE_OBJC_WEAK = YES;
				CLANG_WARN_BLOCK_CAPTURE_AUTORELEASING = YES;
				CLANG_WARN_BOOL_CONVERSION = YES;
				CLANG_WARN_COMMA = YES;
				CLANG_WARN_CONSTANT_CONVERSION = YES;
				CLANG_WARN_DEPRECATED_OBJC_IMPLEMENTATIONS = YES;
				CLANG_WARN_DIRECT_OBJC_ISA_USAGE = YES_ERROR;
				CLANG_WARN_DOCUMENTATION_COMMENTS = YES;
				CLANG_WARN_EMPTY_BODY = YES;
				CLANG_WARN_ENUM_CONVERSION = YES;
				CLANG_WARN_INFINITE_RECURSION = YES;
				CLANG_WARN_INT_CONVERSION = YES;
				CLANG_WARN_NON_LITERAL_NULL_CONVERSION = YES;
				CLANG_WARN_OBJC_IMPLICIT_RETAIN_SELF = YES;
				CLANG_WARN_OBJC_LITERAL_CONVERSION = YES;
				CLANG_WARN_OBJC_ROOT_CLASS = YES_ERROR;
				CLANG_WARN_QUOTED_INCLUDE_IN_FRAMEWORK_HEADER = YES;
				CLANG_WARN_RANGE_LOOP_ANALYSIS = YES;
				CLANG_WARN_STRICT_PROTOTYPES = YES;
				CLANG_WARN_SUSPICIOUS_MOVE = YES;
				CLANG_WARN_UNGUARDED_AVAILABILITY = YES_AGGRESSIVE;
				CLANG_WARN_UNREACHABLE_CODE = YES;
				CLANG_WARN__DUPLICATE_METHOD_MATCH = YES;
				COPY_PHASE_STRIP = NO;
				DEBUG_INFORMATION_FORMAT = "dwarf-with-dsym";
				ENABLE_NS_ASSERTIONS = NO;
				ENABLE_STRICT_OBJC_MSGSEND = YES;
				GCC_C_LANGUAGE_STANDARD = gnu11;
				GCC_NO_COMMON_BLOCKS = YES;
				GCC_WARN_64_TO_32_BIT_CONVERSION = YES;
				GCC_WARN_ABOUT_RETURN_TYPE = YES_ERROR;
				GCC_WARN_UNDECLARED_SELECTOR = YES;
				GCC_WARN_UNINITIALIZED_AUTOS = YES_AGGRESSIVE;
				GCC_WARN_UNUSED_FUNCTION = YES;
				GCC_WARN_UNUSED_VARIABLE = YES;
				IPHONEOS_DEPLOYMENT_TARGET = 14.0;
				MTL_ENABLE_DEBUG_INFO = NO;
				MTL_FAST_MATH = YES;
				SDKROOT = iphoneos;
				SWIFT_COMPILATION_MODE = wholemodule;
				SWIFT_OPTIMIZATION_LEVEL = "-O";
				VALIDATE_PRODUCT = YES;
			};
			name = Release;
		};
		B33D598926CB9DC5007A94FA /* Debug */ = {
			isa = XCBuildConfiguration;
			buildSettings = {
				ASSETCATALOG_COMPILER_APPICON_NAME = AppIcon;
				ASSETCATALOG_COMPILER_GLOBAL_ACCENT_COLOR_NAME = AccentColor;
				CODE_SIGN_STYLE = Automatic;
				DEVELOPMENT_TEAM = HGF48S4DZC;
				INFOPLIST_FILE = SwiftPractice/Info.plist;
				LD_RUNPATH_SEARCH_PATHS = (
					"$(inherited)",
					"@executable_path/Frameworks",
				);
				PRODUCT_BUNDLE_IDENTIFIER = Fearless.SwiftPractice;
				PRODUCT_NAME = "$(TARGET_NAME)";
				SWIFT_VERSION = 5.0;
				TARGETED_DEVICE_FAMILY = "1,2";
			};
			name = Debug;
		};
		B33D598A26CB9DC5007A94FA /* Release */ = {
			isa = XCBuildConfiguration;
			buildSettings = {
				ASSETCATALOG_COMPILER_APPICON_NAME = AppIcon;
				ASSETCATALOG_COMPILER_GLOBAL_ACCENT_COLOR_NAME = AccentColor;
				CODE_SIGN_STYLE = Automatic;
				DEVELOPMENT_TEAM = HGF48S4DZC;
				INFOPLIST_FILE = SwiftPractice/Info.plist;
				LD_RUNPATH_SEARCH_PATHS = (
					"$(inherited)",
					"@executable_path/Frameworks",
				);
				PRODUCT_BUNDLE_IDENTIFIER = Fearless.SwiftPractice;
				PRODUCT_NAME = "$(TARGET_NAME)";
				SWIFT_VERSION = 5.0;
				TARGETED_DEVICE_FAMILY = "1,2";
			};
			name = Release;
		};
		B33D59AA26CBAC87007A94FA /* Debug */ = {
			isa = XCBuildConfiguration;
			buildSettings = {
				CODE_SIGN_STYLE = Automatic;
				DEVELOPMENT_TEAM = HGF48S4DZC;
				ENABLE_HARDENED_RUNTIME = YES;
				MACOSX_DEPLOYMENT_TARGET = 10.15;
				PRODUCT_NAME = "$(TARGET_NAME)";
				SDKROOT = macosx;
				SWIFT_VERSION = 5.0;
			};
			name = Debug;
		};
		B33D59AB26CBAC87007A94FA /* Release */ = {
			isa = XCBuildConfiguration;
			buildSettings = {
				CODE_SIGN_STYLE = Automatic;
				DEVELOPMENT_TEAM = HGF48S4DZC;
				ENABLE_HARDENED_RUNTIME = YES;
				MACOSX_DEPLOYMENT_TARGET = 10.15;
				PRODUCT_NAME = "$(TARGET_NAME)";
				SDKROOT = macosx;
				SWIFT_VERSION = 5.0;
			};
			name = Release;
		};
/* End XCBuildConfiguration section */

/* Begin XCConfigurationList section */
		B33D596F26CB9DC2007A94FA /* Build configuration list for PBXProject "SwiftPractice" */ = {
			isa = XCConfigurationList;
			buildConfigurations = (
				B33D598626CB9DC5007A94FA /* Debug */,
				B33D598726CB9DC5007A94FA /* Release */,
			);
			defaultConfigurationIsVisible = 0;
			defaultConfigurationName = Release;
		};
		B33D598826CB9DC5007A94FA /* Build configuration list for PBXNativeTarget "SwiftPractice" */ = {
			isa = XCConfigurationList;
			buildConfigurations = (
				B33D598926CB9DC5007A94FA /* Debug */,
				B33D598A26CB9DC5007A94FA /* Release */,
			);
			defaultConfigurationIsVisible = 0;
			defaultConfigurationName = Release;
		};
		B33D59A926CBAC87007A94FA /* Build configuration list for PBXNativeTarget "01_可选链" */ = {
			isa = XCConfigurationList;
			buildConfigurations = (
				B33D59AA26CBAC87007A94FA /* Debug */,
				B33D59AB26CBAC87007A94FA /* Release */,
			);
			defaultConfigurationIsVisible = 0;
			defaultConfigurationName = Release;
		};
/* End XCConfigurationList section */
	};
	rootObject = B33D596C26CB9DC2007A94FA /* Project object */;
}
